
Microsoft Visual Studio Solution File, Format Version 12.00
# Visual Studio 15
VisualStudioVersion = 15.0.27703.2047
MinimumVisualStudioVersion = 10.0.40219.1
Project("{FAE04EC0-301F-11D3-BF4B-00C04F79EFBC}") = "TodoApi", "TodoApi\TodoApi.csproj", "{F460E4C4-FD30-48E1-B977-88D84BB7EAB2}"
EndProject
Global
	GlobalSection(SolutionConfigurationPlatforms) = preSolution
		Debug|Any CPU = Debug|Any CPU
		Release|Any CPU = Release|Any CPU
	EndGlobalSection
	GlobalSection(ProjectConfigurationPlatforms) = postSolution
		{F460E4C4-FD30-48E1-B977-88D84BB7EAB2}.Debug|Any CPU.ActiveCfg = Debug|Any CPU
		{F460E4C4-FD30-48E1-B977-88D84BB7EAB2}.Debug|Any CPU.Build.0 = Debug|Any CPU
		{F460E4C4-FD30-48E1-B977-88D84BB7EAB2}.Release|Any CPU.ActiveCfg = Release|Any CPU
		{F460E4C4-FD30-48E1-B977-88D84BB7EAB2}.Release|Any CPU.Build.0 = Release|Any CPU
	EndGlobalSection
	GlobalSection(SolutionProperties) = preSolution
		HideSolutionNode = FALSE
	EndGlobalSection
	GlobalSection(ExtensibilityGlobals) = postSolution
		SolutionGuid = {B3760B71-8AE5-470A-BEAE-3A6BF6B06DE4}
	EndGlobalSection
EndGlobal
